
Microsoft Visual Studio Solution File, Format Version 12.00
# Visual Studio Version 17
VisualStudioVersion = 17.10.34928.147
MinimumVisualStudioVersion = 10.0.40219.1
Project("{54435603-DBB4-11D2-8724-00A0C9A8B90C}") = "SetupAllForProjectDefence", "SetupAllForProjectDefence\SetupAllForProjectDefence.vdproj", "{ADC78316-F045-41EF-ACA5-755FE5588A2F}"
EndProject
Global
	GlobalSection(SolutionConfigurationPlatforms) = preSolution
		Debug|Default = Debug|Default
		Release|Default = Release|Default
	EndGlobalSection
	GlobalSection(ProjectConfigurationPlatforms) = postSolution
		{ADC78316-F045-41EF-ACA5-755FE5588A2F}.Debug|Default.ActiveCfg = Debug
		{ADC78316-F045-41EF-ACA5-755FE5588A2F}.Debug|Default.Build.0 = Debug
		{ADC78316-F045-41EF-ACA5-755FE5588A2F}.Release|Default.ActiveCfg = Release
		{ADC78316-F045-41EF-ACA5-755FE5588A2F}.Release|Default.Build.0 = Release
	EndGlobalSection
	GlobalSection(SolutionProperties) = preSolution
		HideSolutionNode = FALSE
	EndGlobalSection
	GlobalSection(ExtensibilityGlobals) = postSolution
		SolutionGuid = {161C3CC7-BE6A-4D5F-A705-07993124EDE7}
	EndGlobalSection
EndGlobal
